
Microsoft Visual Studio Solution File, Format Version 12.00
# Visual Studio Version 17
VisualStudioVersion = 17.9.34607.119
MinimumVisualStudioVersion = 10.0.40219.1
Project("{FAE04EC0-301F-11D3-BF4B-00C04F79EFBC}") = "S5RunQualityTest", "S5RunQualityTest\S5RunQualityTest.csproj", "{79F7700C-782D-411A-94FF-F18CB9838AC6}"
EndProject
Project("{FAE04EC0-301F-11D3-BF4B-00C04F79EFBC}") = "S5Tests.Tests", "S5Tests\S5Tests.Tests.csproj", "{7710ABA4-B2A8-4F29-9082-7A0BA803F0F4}"
EndProject
Global
	GlobalSection(SolutionConfigurationPlatforms) = preSolution
		Debug|Any CPU = Debug|Any CPU
		Release|Any CPU = Release|Any CPU
	EndGlobalSection
	GlobalSection(ProjectConfigurationPlatforms) = postSolution
		{79F7700C-782D-411A-94FF-F18CB9838AC6}.Debug|Any CPU.ActiveCfg = Debug|Any CPU
		{79F7700C-782D-411A-94FF-F18CB9838AC6}.Debug|Any CPU.Build.0 = Debug|Any CPU
		{79F7700C-782D-411A-94FF-F18CB9838AC6}.Release|Any CPU.ActiveCfg = Release|Any CPU
		{79F7700C-782D-411A-94FF-F18CB9838AC6}.Release|Any CPU.Build.0 = Release|Any CPU
		{7710ABA4-B2A8-4F29-9082-7A0BA803F0F4}.Debug|Any CPU.ActiveCfg = Debug|Any CPU
		{7710ABA4-B2A8-4F29-9082-7A0BA803F0F4}.Debug|Any CPU.Build.0 = Debug|Any CPU
		{7710ABA4-B2A8-4F29-9082-7A0BA803F0F4}.Release|Any CPU.ActiveCfg = Release|Any CPU
		{7710ABA4-B2A8-4F29-9082-7A0BA803F0F4}.Release|Any CPU.Build.0 = Release|Any CPU
	EndGlobalSection
	GlobalSection(SolutionProperties) = preSolution
		HideSolutionNode = FALSE
	EndGlobalSection
	GlobalSection(ExtensibilityGlobals) = postSolution
		SolutionGuid = {0523D2E6-9397-42A9-B62F-AB66FBA68E28}
	EndGlobalSection
EndGlobal
